# This file is generated by running "yarn install" inside your project.
# Manual changes might be lost - proceed with caution!

__metadata:
  version: 6
  cacheKey: 8

"common@npm:^0.2.5":
  version: 0.2.5
  resolution: "common@npm:0.2.5"
  checksum: 3deaffb8e7a665c6a1dc7b32d74861df7ce2ddf6db6bd3a84954814ea459449f1e3c7e3ea5c60aa993ee0d60e663b436ee0bc56cc59ca1bde271875ed694b122
  languageName: node
  linkType: hard

"isolation-app@workspace:.":
  version: 0.0.0-use.local
  resolution: "isolation-app@workspace:."
  dependencies:
    common: ^0.2.5
    lodash: ^4.17.21
  languageName: unknown
  linkType: soft

"lodash@npm:^4.17.21":
  version: 4.17.21
  resolution: "lodash@npm:4.17.21"
  checksum: eb835a2e51d381e561e508ce932ea50a8e5a68f4ebdd771ea240d3048244a8d13658acbd502cd4829768c56f2e16bdd4340b9ea141297d472517b83868e677f7
  languageName: node
  linkType: hard
